github.com/siralfbaez/mia-dod-nervous-system-gcpgo-mainframe-bridge/pkg/resilience v0.0.0-20260227235818-112c577f8a82 h1:/9Sufp7s+SK5BTfiFz4RaeiPxjIgcaO9HvUc3FWjA5E=
github.com/siralfbaez/mia-dod-nervous-system-gcpgo-mainframe-bridge/pkg/resilience v0.0.0-20260227235818-112c577f8a82/go.mod h1:yFm4X+NwsHccH93rMx26w3kK8lbj/ZfKiUBV09hqE0g=
